
Microsoft Visual Studio Solution File, Format Version 12.00
# Visual Studio 15
VisualStudioVersion = 15.0.28307.1145
MinimumVisualStudioVersion = 10.0.40219.1
Project("{FAE04EC0-301F-11D3-BF4B-00C04F79EFBC}") = "PrjBankAccount", "PrjBankAccount.csproj", "{F4A2A526-BB87-4428-B1E4-4C0AE19A5293}"
EndProject
Global
	GlobalSection(SolutionConfigurationPlatforms) = preSolution
		Debug|Any CPU = Debug|Any CPU
		Release|Any CPU = Release|Any CPU
	EndGlobalSection
	GlobalSection(ProjectConfigurationPlatforms) = postSolution
		{F4A2A526-BB87-4428-B1E4-4C0AE19A5293}.Debug|Any CPU.ActiveCfg = Debug|Any CPU
		{F4A2A526-BB87-4428-B1E4-4C0AE19A5293}.Debug|Any CPU.Build.0 = Debug|Any CPU
		{F4A2A526-BB87-4428-B1E4-4C0AE19A5293}.Release|Any CPU.ActiveCfg = Release|Any CPU
		{F4A2A526-BB87-4428-B1E4-4C0AE19A5293}.Release|Any CPU.Build.0 = Release|Any CPU
	EndGlobalSection
	GlobalSection(SolutionProperties) = preSolution
		HideSolutionNode = FALSE
	EndGlobalSection
	GlobalSection(ExtensibilityGlobals) = postSolution
		SolutionGuid = {555E0741-7A59-4B93-9CAB-CC3DC119828C}
	EndGlobalSection
EndGlobal
